
Microsoft Visual Studio Solution File, Format Version 12.00
# Visual Studio 14
VisualStudioVersion = 14.0.25420.1
MinimumVisualStudioVersion = 10.0.40219.1
Project("{FAE04EC0-301F-11D3-BF4B-00C04F79EFBC}") = "DressForSuccessTest", "DressForSuccessTest\DressForSuccessTest.csproj", "{7676E82A-45A2-4DE6-AE0F-C8EF44CBA5E9}"
EndProject
Project("{FAE04EC0-301F-11D3-BF4B-00C04F79EFBC}") = "DressForSuccess", "DressForSuccess\DressForSuccess.csproj", "{DEC4114B-4A72-4DD3-9EC7-85E128D2F7C8}"
EndProject
Project("{FAE04EC0-301F-11D3-BF4B-00C04F79EFBC}") = "GoingToWork", "GoingToWork\GoingToWork.csproj", "{35BAAEAB-AD41-40E9-BD8C-988967F82243}"
EndProject
Global
	GlobalSection(SolutionConfigurationPlatforms) = preSolution
		Debug|Any CPU = Debug|Any CPU
		Release|Any CPU = Release|Any CPU
	EndGlobalSection
	GlobalSection(ProjectConfigurationPlatforms) = postSolution
		{7676E82A-45A2-4DE6-AE0F-C8EF44CBA5E9}.Debug|Any CPU.ActiveCfg = Debug|Any CPU
		{7676E82A-45A2-4DE6-AE0F-C8EF44CBA5E9}.Debug|Any CPU.Build.0 = Debug|Any CPU
		{7676E82A-45A2-4DE6-AE0F-C8EF44CBA5E9}.Release|Any CPU.ActiveCfg = Release|Any CPU
		{7676E82A-45A2-4DE6-AE0F-C8EF44CBA5E9}.Release|Any CPU.Build.0 = Release|Any CPU
		{DEC4114B-4A72-4DD3-9EC7-85E128D2F7C8}.Debug|Any CPU.ActiveCfg = Debug|Any CPU
		{DEC4114B-4A72-4DD3-9EC7-85E128D2F7C8}.Debug|Any CPU.Build.0 = Debug|Any CPU
		{DEC4114B-4A72-4DD3-9EC7-85E128D2F7C8}.Release|Any CPU.ActiveCfg = Release|Any CPU
		{DEC4114B-4A72-4DD3-9EC7-85E128D2F7C8}.Release|Any CPU.Build.0 = Release|Any CPU
		{35BAAEAB-AD41-40E9-BD8C-988967F82243}.Debug|Any CPU.ActiveCfg = Debug|Any CPU
		{35BAAEAB-AD41-40E9-BD8C-988967F82243}.Debug|Any CPU.Build.0 = Debug|Any CPU
		{35BAAEAB-AD41-40E9-BD8C-988967F82243}.Release|Any CPU.ActiveCfg = Release|Any CPU
		{35BAAEAB-AD41-40E9-BD8C-988967F82243}.Release|Any CPU.Build.0 = Release|Any CPU
	EndGlobalSection
	GlobalSection(SolutionProperties) = preSolution
		HideSolutionNode = FALSE
	EndGlobalSection
EndGlobal
